
Microsoft Visual Studio Solution File, Format Version 12.00
# Visual Studio Version 17
VisualStudioVersion = 17.0.32112.339
MinimumVisualStudioVersion = 10.0.40219.1
Project("{FAE04EC0-301F-11D3-BF4B-00C04F79EFBC}") = "Bootstrap", "Bootstrap\Bootstrap.csproj", "{ED32BEA4-7F67-44A7-B2DC-922657DE83DB}"
EndProject
Global
	GlobalSection(SolutionConfigurationPlatforms) = preSolution
		Debug|Any CPU = Debug|Any CPU
		Release|Any CPU = Release|Any CPU
	EndGlobalSection
	GlobalSection(ProjectConfigurationPlatforms) = postSolution
		{ED32BEA4-7F67-44A7-B2DC-922657DE83DB}.Debug|Any CPU.ActiveCfg = Debug|Any CPU
		{ED32BEA4-7F67-44A7-B2DC-922657DE83DB}.Debug|Any CPU.Build.0 = Debug|Any CPU
		{ED32BEA4-7F67-44A7-B2DC-922657DE83DB}.Release|Any CPU.ActiveCfg = Release|Any CPU
		{ED32BEA4-7F67-44A7-B2DC-922657DE83DB}.Release|Any CPU.Build.0 = Release|Any CPU
	EndGlobalSection
	GlobalSection(SolutionProperties) = preSolution
		HideSolutionNode = FALSE
	EndGlobalSection
	GlobalSection(ExtensibilityGlobals) = postSolution
		SolutionGuid = {C8FA1554-A023-4154-A04C-CD1B750BEEB0}
	EndGlobalSection
EndGlobal
